# This file is automatically @generated by Cargo.
# It is not intended for manual editing.
version = 3

[[package]]
name = "aoc2023_utils"
version = "0.1.0"

[[package]]
name = "day01a"
version = "0.1.0"
dependencies = [
 "aoc2023_utils",
]

[[package]]
name = "day02a"
version = "0.1.0"
dependencies = [
 "aoc2023_utils",
]

[[package]]
name = "day03a"
version = "0.1.0"
dependencies = [
 "aoc2023_utils",
]

[[package]]
name = "day04a"
version = "0.1.0"
dependencies = [
 "aoc2023_utils",
]

[[package]]
name = "day05a"
version = "0.1.0"
dependencies = [
 "aoc2023_utils",
]

[[package]]
name = "day06a"
version = "0.1.0"
dependencies = [
 "aoc2023_utils",
]

[[package]]
name = "day07a"
version = "0.1.0"
dependencies = [
 "aoc2023_utils",
]

[[package]]
name = "day08a"
version = "0.1.0"
dependencies = [
 "aoc2023_utils",
]

[[package]]
name = "day09a"
version = "0.1.0"
dependencies = [
 "aoc2023_utils",
]

[[package]]
name = "day10a"
version = "0.1.0"
dependencies = [
 "aoc2023_utils",
]
